{
  "version": 4,
  "terraform_version": "0.13.4",
  "serial": 1,
  "lineage": "07b082f2-eee4-8171-7625-6df70229c526",
  "outputs": {},
  "resources": [
    {
      "mode": "managed",
      "type": "aws_vpc",
      "name": "akhil-demo-net",
      "provider": "provider[\"registry.terraform.io/hashicorp/aws\"]",
      "instances": [
        {
          "schema_version": 1,
          "attributes": {
            "arn": "arn:aws:ec2:us-east-1:406786773456:vpc/vpc-03f32b87debb8c969",
            "assign_generated_ipv6_cidr_block": false,
            "cidr_block": "192.168.0.0/22",
            "default_network_acl_id": "acl-0e103a8a8326a0618",
            "default_route_table_id": "rtb-054cda87c8cb9ca61",
            "default_security_group_id": "sg-0d2d9d0456aa94f22",
            "dhcp_options_id": "dopt-036e0379",
            "enable_classiclink": false,
            "enable_classiclink_dns_support": false,
            "enable_dns_hostnames": false,
            "enable_dns_support": true,
            "id": "vpc-03f32b87debb8c969",
            "instance_tenancy": "default",
            "ipv6_association_id": "",
            "ipv6_cidr_block": "",
            "main_route_table_id": "rtb-054cda87c8cb9ca61",
            "owner_id": "406786773456",
            "tags": {
              "Environment": "Playground",
              "Name": "Akhil-demo-net",
              "Owner": "Akhil"
            }
          },
          "private": "eyJzY2hlbWFfdmVyc2lvbiI6IjEifQ=="
        }
      ]
    }
  ]
}
